
Microsoft Visual Studio Solution File, Format Version 12.00
# Visual Studio Version 16
VisualStudioVersion = 16.0.33801.447
MinimumVisualStudioVersion = 10.0.40219.1
Project("{FAE04EC0-301F-11D3-BF4B-00C04F79EFBC}") = "deneme", "deneme\deneme.csproj", "{7287CC4D-10E9-456A-AEF0-234986A2F6D3}"
EndProject
Global
	GlobalSection(SolutionConfigurationPlatforms) = preSolution
		Debug|Any CPU = Debug|Any CPU
		Release|Any CPU = Release|Any CPU
	EndGlobalSection
	GlobalSection(ProjectConfigurationPlatforms) = postSolution
		{7287CC4D-10E9-456A-AEF0-234986A2F6D3}.Debug|Any CPU.ActiveCfg = Debug|Any CPU
		{7287CC4D-10E9-456A-AEF0-234986A2F6D3}.Debug|Any CPU.Build.0 = Debug|Any CPU
		{7287CC4D-10E9-456A-AEF0-234986A2F6D3}.Release|Any CPU.ActiveCfg = Release|Any CPU
		{7287CC4D-10E9-456A-AEF0-234986A2F6D3}.Release|Any CPU.Build.0 = Release|Any CPU
	EndGlobalSection
	GlobalSection(SolutionProperties) = preSolution
		HideSolutionNode = FALSE
	EndGlobalSection
	GlobalSection(ExtensibilityGlobals) = postSolution
		SolutionGuid = {CDF4805B-0B4E-4133-B049-92E6D9D1CD15}
	EndGlobalSection
EndGlobal
